
Microsoft Visual Studio Solution File, Format Version 12.00
# Visual Studio Version 16
VisualStudioVersion = 16.0.30804.86
MinimumVisualStudioVersion = 10.0.40219.1
Project("{9A19103F-16F7-4668-BE54-9A1E7A4F7556}") = "KampIntro", "KampIntro\KampIntro.csproj", "{AAB94CF4-ED14-421A-84B0-EDBEB0EB9529}"
EndProject
Project("{9A19103F-16F7-4668-BE54-9A1E7A4F7556}") = "ClassIntro", "ClassIntro\ClassIntro.csproj", "{2C73E8C5-3463-4FB8-9A53-BA3D9421EA00}"
EndProject
Project("{FAE04EC0-301F-11D3-BF4B-00C04F79EFBC}") = "Metotlar", "Metotlar\Metotlar.csproj", "{6BCECDA8-89F7-41A8-B3A4-4F09B1F1CE88}"
EndProject
Project("{FAE04EC0-301F-11D3-BF4B-00C04F79EFBC}") = "OOP1", "OOP1\OOP1.csproj", "{8833A905-7BE6-45EF-830D-B1A5FAF3EB37}"
EndProject
Project("{FAE04EC0-301F-11D3-BF4B-00C04F79EFBC}") = "Kolleksiyonlar", "Kolleksiyonlar\Kolleksiyonlar.csproj", "{411FEA09-2C53-46CD-8238-142602163DCF}"
EndProject
Project("{FAE04EC0-301F-11D3-BF4B-00C04F79EFBC}") = "GenericsIntro", "GenericsIntro\GenericsIntro.csproj", "{5D7E63DE-85C9-46C5-94C0-690B43A751D7}"
EndProject
Project("{FAE04EC0-301F-11D3-BF4B-00C04F79EFBC}") = "Oop2", "Oop2\Oop2.csproj", "{CC14ECAF-F9B9-4F19-BE72-5F66CDDFB96D}"
EndProject
Project("{FAE04EC0-301F-11D3-BF4B-00C04F79EFBC}") = "OOP3", "OOP3\OOP3.csproj", "{4456ADCA-93E3-4668-8CF1-81473E14E718}"
EndProject
Global
	GlobalSection(SolutionConfigurationPlatforms) = preSolution
		Debug|Any CPU = Debug|Any CPU
		Release|Any CPU = Release|Any CPU
	EndGlobalSection
	GlobalSection(ProjectConfigurationPlatforms) = postSolution
		{AAB94CF4-ED14-421A-84B0-EDBEB0EB9529}.Debug|Any CPU.ActiveCfg = Debug|Any CPU
		{AAB94CF4-ED14-421A-84B0-EDBEB0EB9529}.Debug|Any CPU.Build.0 = Debug|Any CPU
		{AAB94CF4-ED14-421A-84B0-EDBEB0EB9529}.Release|Any CPU.ActiveCfg = Release|Any CPU
		{AAB94CF4-ED14-421A-84B0-EDBEB0EB9529}.Release|Any CPU.Build.0 = Release|Any CPU
		{2C73E8C5-3463-4FB8-9A53-BA3D9421EA00}.Debug|Any CPU.ActiveCfg = Debug|Any CPU
		{2C73E8C5-3463-4FB8-9A53-BA3D9421EA00}.Debug|Any CPU.Build.0 = Debug|Any CPU
		{2C73E8C5-3463-4FB8-9A53-BA3D9421EA00}.Release|Any CPU.ActiveCfg = Release|Any CPU
		{2C73E8C5-3463-4FB8-9A53-BA3D9421EA00}.Release|Any CPU.Build.0 = Release|Any CPU
		{6BCECDA8-89F7-41A8-B3A4-4F09B1F1CE88}.Debug|Any CPU.ActiveCfg = Debug|Any CPU
		{6BCECDA8-89F7-41A8-B3A4-4F09B1F1CE88}.Debug|Any CPU.Build.0 = Debug|Any CPU
		{6BCECDA8-89F7-41A8-B3A4-4F09B1F1CE88}.Release|Any CPU.ActiveCfg = Release|Any CPU
		{6BCECDA8-89F7-41A8-B3A4-4F09B1F1CE88}.Release|Any CPU.Build.0 = Release|Any CPU
		{8833A905-7BE6-45EF-830D-B1A5FAF3EB37}.Debug|Any CPU.ActiveCfg = Debug|Any CPU
		{8833A905-7BE6-45EF-830D-B1A5FAF3EB37}.Debug|Any CPU.Build.0 = Debug|Any CPU
		{8833A905-7BE6-45EF-830D-B1A5FAF3EB37}.Release|Any CPU.ActiveCfg = Release|Any CPU
		{8833A905-7BE6-45EF-830D-B1A5FAF3EB37}.Release|Any CPU.Build.0 = Release|Any CPU
		{411FEA09-2C53-46CD-8238-142602163DCF}.Debug|Any CPU.ActiveCfg = Debug|Any CPU
		{411FEA09-2C53-46CD-8238-142602163DCF}.Debug|Any CPU.Build.0 = Debug|Any CPU
		{411FEA09-2C53-46CD-8238-142602163DCF}.Release|Any CPU.ActiveCfg = Release|Any CPU
		{411FEA09-2C53-46CD-8238-142602163DCF}.Release|Any CPU.Build.0 = Release|Any CPU
		{5D7E63DE-85C9-46C5-94C0-690B43A751D7}.Debug|Any CPU.ActiveCfg = Debug|Any CPU
		{5D7E63DE-85C9-46C5-94C0-690B43A751D7}.Debug|Any CPU.Build.0 = Debug|Any CPU
		{5D7E63DE-85C9-46C5-94C0-690B43A751D7}.Release|Any CPU.ActiveCfg = Release|Any CPU
		{5D7E63DE-85C9-46C5-94C0-690B43A751D7}.Release|Any CPU.Build.0 = Release|Any CPU
		{CC14ECAF-F9B9-4F19-BE72-5F66CDDFB96D}.Debug|Any CPU.ActiveCfg = Debug|Any CPU
		{CC14ECAF-F9B9-4F19-BE72-5F66CDDFB96D}.Debug|Any CPU.Build.0 = Debug|Any CPU
		{CC14ECAF-F9B9-4F19-BE72-5F66CDDFB96D}.Release|Any CPU.ActiveCfg = Release|Any CPU
		{CC14ECAF-F9B9-4F19-BE72-5F66CDDFB96D}.Release|Any CPU.Build.0 = Release|Any CPU
		{4456ADCA-93E3-4668-8CF1-81473E14E718}.Debug|Any CPU.ActiveCfg = Debug|Any CPU
		{4456ADCA-93E3-4668-8CF1-81473E14E718}.Debug|Any CPU.Build.0 = Debug|Any CPU
		{4456ADCA-93E3-4668-8CF1-81473E14E718}.Release|Any CPU.ActiveCfg = Release|Any CPU
		{4456ADCA-93E3-4668-8CF1-81473E14E718}.Release|Any CPU.Build.0 = Release|Any CPU
	EndGlobalSection
	GlobalSection(SolutionProperties) = preSolution
		HideSolutionNode = FALSE
	EndGlobalSection
	GlobalSection(ExtensibilityGlobals) = postSolution
		SolutionGuid = {13DF9FC6-9310-4214-8A2F-0FD3D49D6344}
	EndGlobalSection
EndGlobal
